
Microsoft Visual Studio Solution File, Format Version 12.00
# Visual Studio Version 16
VisualStudioVersion = 16.0.31112.23
MinimumVisualStudioVersion = 10.0.40219.1
Project("{FAE04EC0-301F-11D3-BF4B-00C04F79EFBC}") = "MMO_Stuff", "MMO_Stuff.csproj", "{10BB8359-A45A-450D-A2F1-CBFAE97096C0}"
EndProject
Global
	GlobalSection(SolutionConfigurationPlatforms) = preSolution
		Debug|Any CPU = Debug|Any CPU
		Release|Any CPU = Release|Any CPU
	EndGlobalSection
	GlobalSection(ProjectConfigurationPlatforms) = postSolution
		{10BB8359-A45A-450D-A2F1-CBFAE97096C0}.Debug|Any CPU.ActiveCfg = Debug|Any CPU
		{10BB8359-A45A-450D-A2F1-CBFAE97096C0}.Debug|Any CPU.Build.0 = Debug|Any CPU
		{10BB8359-A45A-450D-A2F1-CBFAE97096C0}.Release|Any CPU.ActiveCfg = Release|Any CPU
		{10BB8359-A45A-450D-A2F1-CBFAE97096C0}.Release|Any CPU.Build.0 = Release|Any CPU
	EndGlobalSection
	GlobalSection(SolutionProperties) = preSolution
		HideSolutionNode = FALSE
	EndGlobalSection
	GlobalSection(ExtensibilityGlobals) = postSolution
		SolutionGuid = {A3AA7573-0CD1-4FBD-94F9-C3793043473E}
	EndGlobalSection
EndGlobal
