
Microsoft Visual Studio Solution File, Format Version 12.00
# Visual Studio Version 16
VisualStudioVersion = 16.0.31112.23
MinimumVisualStudioVersion = 10.0.40219.1
Project("{9A19103F-16F7-4668-BE54-9A1E7A4F7556}") = "MMO_Stuff", "MMO_Stuff\MMO_Stuff.csproj", "{152EDAF7-31DA-41FD-83F3-FC0D347F8870}"
EndProject
Project("{FAE04EC0-301F-11D3-BF4B-00C04F79EFBC}") = "MMO_Stuff.Tests", "MMO_Stuff.Tests\MMO_Stuff.Tests.csproj", "{9949695B-0AC4-4E8A-9E19-4A7DE373D19A}"
EndProject
Global
	GlobalSection(SolutionConfigurationPlatforms) = preSolution
		Debug|Any CPU = Debug|Any CPU
		Release|Any CPU = Release|Any CPU
	EndGlobalSection
	GlobalSection(ProjectConfigurationPlatforms) = postSolution
		{152EDAF7-31DA-41FD-83F3-FC0D347F8870}.Debug|Any CPU.ActiveCfg = Debug|Any CPU
		{152EDAF7-31DA-41FD-83F3-FC0D347F8870}.Debug|Any CPU.Build.0 = Debug|Any CPU
		{152EDAF7-31DA-41FD-83F3-FC0D347F8870}.Release|Any CPU.ActiveCfg = Release|Any CPU
		{152EDAF7-31DA-41FD-83F3-FC0D347F8870}.Release|Any CPU.Build.0 = Release|Any CPU
		{9949695B-0AC4-4E8A-9E19-4A7DE373D19A}.Debug|Any CPU.ActiveCfg = Debug|Any CPU
		{9949695B-0AC4-4E8A-9E19-4A7DE373D19A}.Debug|Any CPU.Build.0 = Debug|Any CPU
		{9949695B-0AC4-4E8A-9E19-4A7DE373D19A}.Release|Any CPU.ActiveCfg = Release|Any CPU
		{9949695B-0AC4-4E8A-9E19-4A7DE373D19A}.Release|Any CPU.Build.0 = Release|Any CPU
	EndGlobalSection
	GlobalSection(SolutionProperties) = preSolution
		HideSolutionNode = FALSE
	EndGlobalSection
	GlobalSection(ExtensibilityGlobals) = postSolution
		SolutionGuid = {9311BB54-FEEE-44D6-9B69-D9E1F8D275AF}
	EndGlobalSection
EndGlobal
